// !$*UTF8*$!
{
	archiveVersion = 1;
	classes = {
	};
	objectVersion = 50;
	objects = {

/* Begin PBXBuildFile section */
		CB1523B1269C8C710073BF03 /* TitleView.swift in Sources */ = {isa = PBXBuildFile; fileRef = CB1523B0269C8C710073BF03 /* TitleView.swift */; };
		CB1523B3269C8DFA0073BF03 /* ProductModel.swift in Sources */ = {isa = PBXBuildFile; fileRef = CB1523B2269C8DFA0073BF03 /* ProductModel.swift */; };
		CB1523B5269C8EDB0073BF03 /* ProductItemView.swift in Sources */ = {isa = PBXBuildFile; fileRef = CB1523B4269C8EDB0073BF03 /* ProductItemView.swift */; };
		CB1523B7269CC3180073BF03 /* BrandModel.swift in Sources */ = {isa = PBXBuildFile; fileRef = CB1523B6269CC3180073BF03 /* BrandModel.swift */; };
		CB1523B9269CC36B0073BF03 /* BrandItemView.swift in Sources */ = {isa = PBXBuildFile; fileRef = CB1523B8269CC36B0073BF03 /* BrandItemView.swift */; };
		CB1523BB269CC4300073BF03 /* BrandGridView.swift in Sources */ = {isa = PBXBuildFile; fileRef = CB1523BA269CC4300073BF03 /* BrandGridView.swift */; };
		CB1523BD269CC5E60073BF03 /* ProductDetailView.swift in Sources */ = {isa = PBXBuildFile; fileRef = CB1523BC269CC5E60073BF03 /* ProductDetailView.swift */; };
		CB1523BF269CC81A0073BF03 /* NavigationBarDetailView.swift in Sources */ = {isa = PBXBuildFile; fileRef = CB1523BE269CC81A0073BF03 /* NavigationBarDetailView.swift */; };
		CBC41090269F1B7B00B5862C /* HeaderDetailView.swift in Sources */ = {isa = PBXBuildFile; fileRef = CBC4108F269F1B7B00B5862C /* HeaderDetailView.swift */; };
		CBC41092269F201300B5862C /* TopPartDetailView.swift in Sources */ = {isa = PBXBuildFile; fileRef = CBC41091269F201300B5862C /* TopPartDetailView.swift */; };
		CBC41094269F234D00B5862C /* CustomShape.swift in Sources */ = {isa = PBXBuildFile; fileRef = CBC41093269F234D00B5862C /* CustomShape.swift */; };
		CBC41096269F28B100B5862C /* RatingsSizesDetailView.swift in Sources */ = {isa = PBXBuildFile; fileRef = CBC41095269F28B100B5862C /* RatingsSizesDetailView.swift */; };
		CBC41098269F2B4900B5862C /* QuantityFavouritesDetailView.swift in Sources */ = {isa = PBXBuildFile; fileRef = CBC41097269F2B4900B5862C /* QuantityFavouritesDetailView.swift */; };
		CBC4109A269F2CF600B5862C /* AddToCartDetailView.swift in Sources */ = {isa = PBXBuildFile; fileRef = CBC41099269F2CF600B5862C /* AddToCartDetailView.swift */; };
		CBC4109C269F2EC200B5862C /* Shop.swift in Sources */ = {isa = PBXBuildFile; fileRef = CBC4109B269F2EC200B5862C /* Shop.swift */; };
		CBED84EB269B0C1B00CDCC50 /* CodableBundleExtension.swift in Sources */ = {isa = PBXBuildFile; fileRef = CBED84EA269B0C1B00CDCC50 /* CodableBundleExtension.swift */; };
		CBED84ED269B0D3600CDCC50 /* FeaturedItemView.swift in Sources */ = {isa = PBXBuildFile; fileRef = CBED84EC269B0D3600CDCC50 /* FeaturedItemView.swift */; };
		CBED84EF269B0D9700CDCC50 /* FeaturedTabView.swift in Sources */ = {isa = PBXBuildFile; fileRef = CBED84EE269B0D9700CDCC50 /* FeaturedTabView.swift */; };
		CBEF4309269B0B5A007A858C /* PlayerModel.swift in Sources */ = {isa = PBXBuildFile; fileRef = CBEF4308269B0B5A007A858C /* PlayerModel.swift */; };
		CBF0ED83269C2D44007013D1 /* CategoryModel.swift in Sources */ = {isa = PBXBuildFile; fileRef = CBF0ED82269C2D44007013D1 /* CategoryModel.swift */; };
		CBF0ED85269C30B9007013D1 /* CategoryItemView.swift in Sources */ = {isa = PBXBuildFile; fileRef = CBF0ED84269C30B9007013D1 /* CategoryItemView.swift */; };
		CBF0ED87269C31F1007013D1 /* CategoryGridView.swift in Sources */ = {isa = PBXBuildFile; fileRef = CBF0ED86269C31F1007013D1 /* CategoryGridView.swift */; };
		CBF0ED89269C3338007013D1 /* SectionView.swift in Sources */ = {isa = PBXBuildFile; fileRef = CBF0ED88269C3338007013D1 /* SectionView.swift */; };
		CBFF0DAC2699C38F00E8FFAB /* TouchdownApp.swift in Sources */ = {isa = PBXBuildFile; fileRef = CBFF0DAB2699C38F00E8FFAB /* TouchdownApp.swift */; };
		CBFF0DAE2699C38F00E8FFAB /* ContentView.swift in Sources */ = {isa = PBXBuildFile; fileRef = CBFF0DAD2699C38F00E8FFAB /* ContentView.swift */; };
		CBFF0DB02699C39100E8FFAB /* Assets.xcassets in Resources */ = {isa = PBXBuildFile; fileRef = CBFF0DAF2699C39100E8FFAB /* Assets.xcassets */; };
		CBFF0DB32699C39100E8FFAB /* Preview Assets.xcassets in Resources */ = {isa = PBXBuildFile; fileRef = CBFF0DB22699C39100E8FFAB /* Preview Assets.xcassets */; };
		CBFF0DBE2699C43100E8FFAB /* player.json in Resources */ = {isa = PBXBuildFile; fileRef = CBFF0DBA2699C43100E8FFAB /* player.json */; };
		CBFF0DBF2699C43100E8FFAB /* brand.json in Resources */ = {isa = PBXBuildFile; fileRef = CBFF0DBB2699C43100E8FFAB /* brand.json */; };
		CBFF0DC02699C43100E8FFAB /* product.json in Resources */ = {isa = PBXBuildFile; fileRef = CBFF0DBC2699C43100E8FFAB /* product.json */; };
		CBFF0DC12699C43100E8FFAB /* category.json in Resources */ = {isa = PBXBuildFile; fileRef = CBFF0DBD2699C43100E8FFAB /* category.json */; };
		CBFF0DCB2699C58700E8FFAB /* Constant.swift in Sources */ = {isa = PBXBuildFile; fileRef = CBFF0DCA2699C58700E8FFAB /* Constant.swift */; };
		CBFF0DCD2699C62F00E8FFAB /* FooterView.swift in Sources */ = {isa = PBXBuildFile; fileRef = CBFF0DCC2699C62F00E8FFAB /* FooterView.swift */; };
		CBFF0DCF2699C85600E8FFAB /* NavigationBarView.swift in Sources */ = {isa = PBXBuildFile; fileRef = CBFF0DCE2699C85600E8FFAB /* NavigationBarView.swift */; };
		CBFF0DD12699CDC500E8FFAB /* LogoView.swift in Sources */ = {isa = PBXBuildFile; fileRef = CBFF0DD02699CDC500E8FFAB /* LogoView.swift */; };
/* End PBXBuildFile section */

/* Begin PBXFileReference section */
		CB1523B0269C8C710073BF03 /* TitleView.swift */ = {isa = PBXFileReference; lastKnownFileType = sourcecode.swift; path = TitleView.swift; sourceTree = "<group>"; };
		CB1523B2269C8DFA0073BF03 /* ProductModel.swift */ = {isa = PBXFileReference; lastKnownFileType = sourcecode.swift; path = ProductModel.swift; sourceTree = "<group>"; };
		CB1523B4269C8EDB0073BF03 /* ProductItemView.swift */ = {isa = PBXFileReference; lastKnownFileType = sourcecode.swift; path = ProductItemView.swift; sourceTree = "<group>"; };
		CB1523B6269CC3180073BF03 /* BrandModel.swift */ = {isa = PBXFileReference; lastKnownFileType = sourcecode.swift; path = BrandModel.swift; sourceTree = "<group>"; };
		CB1523B8269CC36B0073BF03 /* BrandItemView.swift */ = {isa = PBXFileReference; lastKnownFileType = sourcecode.swift; path = BrandItemView.swift; sourceTree = "<group>"; };
		CB1523BA269CC4300073BF03 /* BrandGridView.swift */ = {isa = PBXFileReference; lastKnownFileType = sourcecode.swift; path = BrandGridView.swift; sourceTree = "<group>"; };
		CB1523BC269CC5E60073BF03 /* ProductDetailView.swift */ = {isa = PBXFileReference; lastKnownFileType = sourcecode.swift; path = ProductDetailView.swift; sourceTree = "<group>"; };
		CB1523BE269CC81A0073BF03 /* NavigationBarDetailView.swift */ = {isa = PBXFileReference; lastKnownFileType = sourcecode.swift; path = NavigationBarDetailView.swift; sourceTree = "<group>"; };
		CBC4108F269F1B7B00B5862C /* HeaderDetailView.swift */ = {isa = PBXFileReference; lastKnownFileType = sourcecode.swift; path = HeaderDetailView.swift; sourceTree = "<group>"; };
		CBC41091269F201300B5862C /* TopPartDetailView.swift */ = {isa = PBXFileReference; lastKnownFileType = sourcecode.swift; path = TopPartDetailView.swift; sourceTree = "<group>"; };
		CBC41093269F234D00B5862C /* CustomShape.swift */ = {isa = PBXFileReference; lastKnownFileType = sourcecode.swift; path = CustomShape.swift; sourceTree = "<group>"; };
		CBC41095269F28B100B5862C /* RatingsSizesDetailView.swift */ = {isa = PBXFileReference; lastKnownFileType = sourcecode.swift; path = RatingsSizesDetailView.swift; sourceTree = "<group>"; };
		CBC41097269F2B4900B5862C /* QuantityFavouritesDetailView.swift */ = {isa = PBXFileReference; lastKnownFileType = sourcecode.swift; path = QuantityFavouritesDetailView.swift; sourceTree = "<group>"; };
		CBC41099269F2CF600B5862C /* AddToCartDetailView.swift */ = {isa = PBXFileReference; lastKnownFileType = sourcecode.swift; path = AddToCartDetailView.swift; sourceTree = "<group>"; };
		CBC4109B269F2EC200B5862C /* Shop.swift */ = {isa = PBXFileReference; lastKnownFileType = sourcecode.swift; path = Shop.swift; sourceTree = "<group>"; };
		CBED84EA269B0C1B00CDCC50 /* CodableBundleExtension.swift */ = {isa = PBXFileReference; lastKnownFileType = sourcecode.swift; path = CodableBundleExtension.swift; sourceTree = "<group>"; };
		CBED84EC269B0D3600CDCC50 /* FeaturedItemView.swift */ = {isa = PBXFileReference; lastKnownFileType = sourcecode.swift; path = FeaturedItemView.swift; sourceTree = "<group>"; };
		CBED84EE269B0D9700CDCC50 /* FeaturedTabView.swift */ = {isa = PBXFileReference; lastKnownFileType = sourcecode.swift; path = FeaturedTabView.swift; sourceTree = "<group>"; };
		CBEF4308269B0B5A007A858C /* PlayerModel.swift */ = {isa = PBXFileReference; lastKnownFileType = sourcecode.swift; path = PlayerModel.swift; sourceTree = "<group>"; };
		CBF0ED82269C2D44007013D1 /* CategoryModel.swift */ = {isa = PBXFileReference; lastKnownFileType = sourcecode.swift; path = CategoryModel.swift; sourceTree = "<group>"; };
		CBF0ED84269C30B9007013D1 /* CategoryItemView.swift */ = {isa = PBXFileReference; lastKnownFileType = sourcecode.swift; path = CategoryItemView.swift; sourceTree = "<group>"; };
		CBF0ED86269C31F1007013D1 /* CategoryGridView.swift */ = {isa = PBXFileReference; lastKnownFileType = sourcecode.swift; path = CategoryGridView.swift; sourceTree = "<group>"; };
		CBF0ED88269C3338007013D1 /* SectionView.swift */ = {isa = PBXFileReference; lastKnownFileType = sourcecode.swift; path = SectionView.swift; sourceTree = "<group>"; };
		CBFF0DA82699C38F00E8FFAB /* Touchdown.app */ = {isa = PBXFileReference; explicitFileType = wrapper.application; includeInIndex = 0; path = Touchdown.app; sourceTree = BUILT_PRODUCTS_DIR; };
		CBFF0DAB2699C38F00E8FFAB /* TouchdownApp.swift */ = {isa = PBXFileReference; lastKnownFileType = sourcecode.swift; path = TouchdownApp.swift; sourceTree = "<group>"; };
		CBFF0DAD2699C38F00E8FFAB /* ContentView.swift */ = {isa = PBXFileReference; lastKnownFileType = sourcecode.swift; path = ContentView.swift; sourceTree = "<group>"; };
		CBFF0DAF2699C39100E8FFAB /* Assets.xcassets */ = {isa = PBXFileReference; lastKnownFileType = folder.assetcatalog; path = Assets.xcassets; sourceTree = "<group>"; };
		CBFF0DB22699C39100E8FFAB /* Preview Assets.xcassets */ = {isa = PBXFileReference; lastKnownFileType = folder.assetcatalog; path = "Preview Assets.xcassets"; sourceTree = "<group>"; };
		CBFF0DB42699C39100E8FFAB /* Info.plist */ = {isa = PBXFileReference; lastKnownFileType = text.plist.xml; path = Info.plist; sourceTree = "<group>"; };
		CBFF0DBA2699C43100E8FFAB /* player.json */ = {isa = PBXFileReference; fileEncoding = 4; lastKnownFileType = text.json; path = player.json; sourceTree = "<group>"; };
		CBFF0DBB2699C43100E8FFAB /* brand.json */ = {isa = PBXFileReference; fileEncoding = 4; lastKnownFileType = text.json; path = brand.json; sourceTree = "<group>"; };
		CBFF0DBC2699C43100E8FFAB /* product.json */ = {isa = PBXFileReference; fileEncoding = 4; lastKnownFileType = text.json; path = product.json; sourceTree = "<group>"; };
		CBFF0DBD2699C43100E8FFAB /* category.json */ = {isa = PBXFileReference; fileEncoding = 4; lastKnownFileType = text.json; path = category.json; sourceTree = "<group>"; };
		CBFF0DCA2699C58700E8FFAB /* Constant.swift */ = {isa = PBXFileReference; lastKnownFileType = sourcecode.swift; path = Constant.swift; sourceTree = "<group>"; };
		CBFF0DCC2699C62F00E8FFAB /* FooterView.swift */ = {isa = PBXFileReference; lastKnownFileType = sourcecode.swift; path = FooterView.swift; sourceTree = "<group>"; };
		CBFF0DCE2699C85600E8FFAB /* NavigationBarView.swift */ = {isa = PBXFileReference; lastKnownFileType = sourcecode.swift; path = NavigationBarView.swift; sourceTree = "<group>"; };
		CBFF0DD02699CDC500E8FFAB /* LogoView.swift */ = {isa = PBXFileReference; lastKnownFileType = sourcecode.swift; path = LogoView.swift; sourceTree = "<group>"; };
/* End PBXFileReference section */

/* Begin PBXFrameworksBuildPhase section */
		CBFF0DA52699C38F00E8FFAB /* Frameworks */ = {
			isa = PBXFrameworksBuildPhase;
			buildActionMask = 2147483647;
			files = (
			);
			runOnlyForDeploymentPostprocessing = 0;
		};
/* End PBXFrameworksBuildPhase section */

/* Begin PBXGroup section */
		CBFF0D9F2699C38F00E8FFAB = {
			isa = PBXGroup;
			children = (
				CBFF0DAA2699C38F00E8FFAB /* Touchdown */,
				CBFF0DA92699C38F00E8FFAB /* Products */,
			);
			sourceTree = "<group>";
		};
		CBFF0DA92699C38F00E8FFAB /* Products */ = {
			isa = PBXGroup;
			children = (
				CBFF0DA82699C38F00E8FFAB /* Touchdown.app */,
			);
			name = Products;
			sourceTree = "<group>";
		};
		CBFF0DAA2699C38F00E8FFAB /* Touchdown */ = {
			isa = PBXGroup;
			children = (
				CBFF0DC32699C51000E8FFAB /* App */,
				CBFF0DC42699C51800E8FFAB /* View */,
				CBFF0DC22699C44800E8FFAB /* Data */,
				CBFF0DC72699C52B00E8FFAB /* Model */,
				CBFF0DC82699C53000E8FFAB /* Extension */,
				CBFF0DC92699C53700E8FFAB /* Utility */,
				CBFF0DAF2699C39100E8FFAB /* Assets.xcassets */,
				CBFF0DB42699C39100E8FFAB /* Info.plist */,
				CBFF0DB12699C39100E8FFAB /* Preview Content */,
			);
			path = Touchdown;
			sourceTree = "<group>";
		};
		CBFF0DB12699C39100E8FFAB /* Preview Content */ = {
			isa = PBXGroup;
			children = (
				CBFF0DB22699C39100E8FFAB /* Preview Assets.xcassets */,
			);
			path = "Preview Content";
			sourceTree = "<group>";
		};
		CBFF0DC22699C44800E8FFAB /* Data */ = {
			isa = PBXGroup;
			children = (
				CBFF0DBB2699C43100E8FFAB /* brand.json */,
				CBFF0DBD2699C43100E8FFAB /* category.json */,
				CBFF0DBA2699C43100E8FFAB /* player.json */,
				CBFF0DBC2699C43100E8FFAB /* product.json */,
			);
			path = Data;
			sourceTree = "<group>";
		};
		CBFF0DC32699C51000E8FFAB /* App */ = {
			isa = PBXGroup;
			children = (
				CBFF0DAB2699C38F00E8FFAB /* TouchdownApp.swift */,
				CBFF0DAD2699C38F00E8FFAB /* ContentView.swift */,
				CB1523BC269CC5E60073BF03 /* ProductDetailView.swift */,
			);
			path = App;
			sourceTree = "<group>";
		};
		CBFF0DC42699C51800E8FFAB /* View */ = {
			isa = PBXGroup;
			children = (
				CBFF0DC52699C51E00E8FFAB /* Home */,
				CBFF0DC62699C52400E8FFAB /* Detail */,
			);
			path = View;
			sourceTree = "<group>";
		};
		CBFF0DC52699C51E00E8FFAB /* Home */ = {
			isa = PBXGroup;
			children = (
				CBFF0DCC2699C62F00E8FFAB /* FooterView.swift */,
				CBFF0DCE2699C85600E8FFAB /* NavigationBarView.swift */,
				CBFF0DD02699CDC500E8FFAB /* LogoView.swift */,
				CBED84EC269B0D3600CDCC50 /* FeaturedItemView.swift */,
				CBED84EE269B0D9700CDCC50 /* FeaturedTabView.swift */,
				CBF0ED84269C30B9007013D1 /* CategoryItemView.swift */,
				CBF0ED86269C31F1007013D1 /* CategoryGridView.swift */,
				CBF0ED88269C3338007013D1 /* SectionView.swift */,
				CB1523B0269C8C710073BF03 /* TitleView.swift */,
				CB1523B4269C8EDB0073BF03 /* ProductItemView.swift */,
				CB1523B8269CC36B0073BF03 /* BrandItemView.swift */,
				CB1523BA269CC4300073BF03 /* BrandGridView.swift */,
			);
			path = Home;
			sourceTree = "<group>";
		};
		CBFF0DC62699C52400E8FFAB /* Detail */ = {
			isa = PBXGroup;
			children = (
				CB1523BE269CC81A0073BF03 /* NavigationBarDetailView.swift */,
				CBC4108F269F1B7B00B5862C /* HeaderDetailView.swift */,
				CBC41091269F201300B5862C /* TopPartDetailView.swift */,
				CBC41095269F28B100B5862C /* RatingsSizesDetailView.swift */,
				CBC41097269F2B4900B5862C /* QuantityFavouritesDetailView.swift */,
				CBC41099269F2CF600B5862C /* AddToCartDetailView.swift */,
			);
			path = Detail;
			sourceTree = "<group>";
		};
		CBFF0DC72699C52B00E8FFAB /* Model */ = {
			isa = PBXGroup;
			children = (
				CBEF4308269B0B5A007A858C /* PlayerModel.swift */,
				CBF0ED82269C2D44007013D1 /* CategoryModel.swift */,
				CB1523B2269C8DFA0073BF03 /* ProductModel.swift */,
				CB1523B6269CC3180073BF03 /* BrandModel.swift */,
			);
			path = Model;
			sourceTree = "<group>";
		};
		CBFF0DC82699C53000E8FFAB /* Extension */ = {
			isa = PBXGroup;
			children = (
				CBED84EA269B0C1B00CDCC50 /* CodableBundleExtension.swift */,
			);
			path = Extension;
			sourceTree = "<group>";
		};
		CBFF0DC92699C53700E8FFAB /* Utility */ = {
			isa = PBXGroup;
			children = (
				CBFF0DCA2699C58700E8FFAB /* Constant.swift */,
				CBC41093269F234D00B5862C /* CustomShape.swift */,
				CBC4109B269F2EC200B5862C /* Shop.swift */,
			);
			path = Utility;
			sourceTree = "<group>";
		};
/* End PBXGroup section */

/* Begin PBXNativeTarget section */
		CBFF0DA72699C38F00E8FFAB /* Touchdown */ = {
			isa = PBXNativeTarget;
			buildConfigurationList = CBFF0DB72699C39100E8FFAB /* Build configuration list for PBXNativeTarget "Touchdown" */;
			buildPhases = (
				CBFF0DA42699C38F00E8FFAB /* Sources */,
				CBFF0DA52699C38F00E8FFAB /* Frameworks */,
				CBFF0DA62699C38F00E8FFAB /* Resources */,
			);
			buildRules = (
			);
			dependencies = (
			);
			name = Touchdown;
			productName = Touchdown;
			productReference = CBFF0DA82699C38F00E8FFAB /* Touchdown.app */;
			productType = "com.apple.product-type.application";
		};
/* End PBXNativeTarget section */

/* Begin PBXProject section */
		CBFF0DA02699C38F00E8FFAB /* Project object */ = {
			isa = PBXProject;
			attributes = {
				LastSwiftUpdateCheck = 1250;
				LastUpgradeCheck = 1250;
				TargetAttributes = {
					CBFF0DA72699C38F00E8FFAB = {
						CreatedOnToolsVersion = 12.5.1;
					};
				};
			};
			buildConfigurationList = CBFF0DA32699C38F00E8FFAB /* Build configuration list for PBXProject "Touchdown" */;
			compatibilityVersion = "Xcode 9.3";
			developmentRegion = en;
			hasScannedForEncodings = 0;
			knownRegions = (
				en,
				Base,
			);
			mainGroup = CBFF0D9F2699C38F00E8FFAB;
			productRefGroup = CBFF0DA92699C38F00E8FFAB /* Products */;
			projectDirPath = "";
			projectRoot = "";
			targets = (
				CBFF0DA72699C38F00E8FFAB /* Touchdown */,
			);
		};
/* End PBXProject section */

/* Begin PBXResourcesBuildPhase section */
		CBFF0DA62699C38F00E8FFAB /* Resources */ = {
			isa = PBXResourcesBuildPhase;
			buildActionMask = 2147483647;
			files = (
				CBFF0DBE2699C43100E8FFAB /* player.json in Resources */,
				CBFF0DBF2699C43100E8FFAB /* brand.json in Resources */,
				CBFF0DB32699C39100E8FFAB /* Preview Assets.xcassets in Resources */,
				CBFF0DC12699C43100E8FFAB /* category.json in Resources */,
				CBFF0DB02699C39100E8FFAB /* Assets.xcassets in Resources */,
				CBFF0DC02699C43100E8FFAB /* product.json in Resources */,
			);
			runOnlyForDeploymentPostprocessing = 0;
		};
/* End PBXResourcesBuildPhase section */

/* Begin PBXSourcesBuildPhase section */
		CBFF0DA42699C38F00E8FFAB /* Sources */ = {
			isa = PBXSourcesBuildPhase;
			buildActionMask = 2147483647;
			files = (
				CBED84EB269B0C1B00CDCC50 /* CodableBundleExtension.swift in Sources */,
				CBC41090269F1B7B00B5862C /* HeaderDetailView.swift in Sources */,
				CBC41092269F201300B5862C /* TopPartDetailView.swift in Sources */,
				CBFF0DAE2699C38F00E8FFAB /* ContentView.swift in Sources */,
				CBFF0DD12699CDC500E8FFAB /* LogoView.swift in Sources */,
				CBFF0DCD2699C62F00E8FFAB /* FooterView.swift in Sources */,
				CBED84ED269B0D3600CDCC50 /* FeaturedItemView.swift in Sources */,
				CB1523B5269C8EDB0073BF03 /* ProductItemView.swift in Sources */,
				CBC4109A269F2CF600B5862C /* AddToCartDetailView.swift in Sources */,
				CB1523BB269CC4300073BF03 /* BrandGridView.swift in Sources */,
				CBC41096269F28B100B5862C /* RatingsSizesDetailView.swift in Sources */,
				CBFF0DAC2699C38F00E8FFAB /* TouchdownApp.swift in Sources */,
				CB1523BD269CC5E60073BF03 /* ProductDetailView.swift in Sources */,
				CB1523BF269CC81A0073BF03 /* NavigationBarDetailView.swift in Sources */,
				CBFF0DCB2699C58700E8FFAB /* Constant.swift in Sources */,
				CBF0ED87269C31F1007013D1 /* CategoryGridView.swift in Sources */,
				CBF0ED83269C2D44007013D1 /* CategoryModel.swift in Sources */,
				CBFF0DCF2699C85600E8FFAB /* NavigationBarView.swift in Sources */,
				CBF0ED89269C3338007013D1 /* SectionView.swift in Sources */,
				CB1523B9269CC36B0073BF03 /* BrandItemView.swift in Sources */,
				CBF0ED85269C30B9007013D1 /* CategoryItemView.swift in Sources */,
				CBED84EF269B0D9700CDCC50 /* FeaturedTabView.swift in Sources */,
				CBC41094269F234D00B5862C /* CustomShape.swift in Sources */,
				CBC41098269F2B4900B5862C /* QuantityFavouritesDetailView.swift in Sources */,
				CBC4109C269F2EC200B5862C /* Shop.swift in Sources */,
				CBEF4309269B0B5A007A858C /* PlayerModel.swift in Sources */,
				CB1523B7269CC3180073BF03 /* BrandModel.swift in Sources */,
				CB1523B1269C8C710073BF03 /* TitleView.swift in Sources */,
				CB1523B3269C8DFA0073BF03 /* ProductModel.swift in Sources */,
			);
			runOnlyForDeploymentPostprocessing = 0;
		};
/* End PBXSourcesBuildPhase section */

/* Begin XCBuildConfiguration section */
		CBFF0DB52699C39100E8FFAB /* Debug */ = {
			isa = XCBuildConfiguration;
			buildSettings = {
				ALWAYS_SEARCH_USER_PATHS = NO;
				CLANG_ANALYZER_NONNULL = YES;
				CLANG_ANALYZER_NUMBER_OBJECT_CONVERSION = YES_AGGRESSIVE;
				CLANG_CXX_LANGUAGE_STANDARD = "gnu++14";
				CLANG_CXX_LIBRARY = "libc++";
				CLANG_ENABLE_MODULES = YES;
				CLANG_ENABLE_OBJC_ARC = YES;
				CLANG_ENABLE_OBJC_WEAK = YES;
				CLANG_WARN_BLOCK_CAPTURE_AUTORELEASING = YES;
				CLANG_WARN_BOOL_CONVERSION = YES;
				CLANG_WARN_COMMA = YES;
				CLANG_WARN_CONSTANT_CONVERSION = YES;
				CLANG_WARN_DEPRECATED_OBJC_IMPLEMENTATIONS = YES;
				CLANG_WARN_DIRECT_OBJC_ISA_USAGE = YES_ERROR;
				CLANG_WARN_DOCUMENTATION_COMMENTS = YES;
				CLANG_WARN_EMPTY_BODY = YES;
				CLANG_WARN_ENUM_CONVERSION = YES;
				CLANG_WARN_INFINITE_RECURSION = YES;
				CLANG_WARN_INT_CONVERSION = YES;
				CLANG_WARN_NON_LITERAL_NULL_CONVERSION = YES;
				CLANG_WARN_OBJC_IMPLICIT_RETAIN_SELF = YES;
				CLANG_WARN_OBJC_LITERAL_CONVERSION = YES;
				CLANG_WARN_OBJC_ROOT_CLASS = YES_ERROR;
				CLANG_WARN_QUOTED_INCLUDE_IN_FRAMEWORK_HEADER = YES;
				CLANG_WARN_RANGE_LOOP_ANALYSIS = YES;
				CLANG_WARN_STRICT_PROTOTYPES = YES;
				CLANG_WARN_SUSPICIOUS_MOVE = YES;
				CLANG_WARN_UNGUARDED_AVAILABILITY = YES_AGGRESSIVE;
				CLANG_WARN_UNREACHABLE_CODE = YES;
				CLANG_WARN__DUPLICATE_METHOD_MATCH = YES;
				COPY_PHASE_STRIP = NO;
				DEBUG_INFORMATION_FORMAT = dwarf;
				ENABLE_STRICT_OBJC_MSGSEND = YES;
				ENABLE_TESTABILITY = YES;
				GCC_C_LANGUAGE_STANDARD = gnu11;
				GCC_DYNAMIC_NO_PIC = NO;
				GCC_NO_COMMON_BLOCKS = YES;
				GCC_OPTIMIZATION_LEVEL = 0;
				GCC_PREPROCESSOR_DEFINITIONS = (
					"DEBUG=1",
					"$(inherited)",
				);
				GCC_WARN_64_TO_32_BIT_CONVERSION = YES;
				GCC_WARN_ABOUT_RETURN_TYPE = YES_ERROR;
				GCC_WARN_UNDECLARED_SELECTOR = YES;
				GCC_WARN_UNINITIALIZED_AUTOS = YES_AGGRESSIVE;
				GCC_WARN_UNUSED_FUNCTION = YES;
				GCC_WARN_UNUSED_VARIABLE = YES;
				IPHONEOS_DEPLOYMENT_TARGET = 14.5;
				MTL_ENABLE_DEBUG_INFO = INCLUDE_SOURCE;
				MTL_FAST_MATH = YES;
				ONLY_ACTIVE_ARCH = YES;
				SDKROOT = iphoneos;
				SWIFT_ACTIVE_COMPILATION_CONDITIONS = DEBUG;
				SWIFT_OPTIMIZATION_LEVEL = "-Onone";
			};
			name = Debug;
		};
		CBFF0DB62699C39100E8FFAB /* Release */ = {
			isa = XCBuildConfiguration;
			buildSettings = {
				ALWAYS_SEARCH_USER_PATHS = NO;
				CLANG_ANALYZER_NONNULL = YES;
				CLANG_ANALYZER_NUMBER_OBJECT_CONVERSION = YES_AGGRESSIVE;
				CLANG_CXX_LANGUAGE_STANDARD = "gnu++14";
				CLANG_CXX_LIBRARY = "libc++";
				CLANG_ENABLE_MODULES = YES;
				CLANG_ENABLE_OBJC_ARC = YES;
				CLANG_ENABLE_OBJC_WEAK = YES;
				CLANG_WARN_BLOCK_CAPTURE_AUTORELEASING = YES;
				CLANG_WARN_BOOL_CONVERSION = YES;
				CLANG_WARN_COMMA = YES;
				CLANG_WARN_CONSTANT_CONVERSION = YES;
				CLANG_WARN_DEPRECATED_OBJC_IMPLEMENTATIONS = YES;
				CLANG_WARN_DIRECT_OBJC_ISA_USAGE = YES_ERROR;
				CLANG_WARN_DOCUMENTATION_COMMENTS = YES;
				CLANG_WARN_EMPTY_BODY = YES;
				CLANG_WARN_ENUM_CONVERSION = YES;
				CLANG_WARN_INFINITE_RECURSION = YES;
				CLANG_WARN_INT_CONVERSION = YES;
				CLANG_WARN_NON_LITERAL_NULL_CONVERSION = YES;
				CLANG_WARN_OBJC_IMPLICIT_RETAIN_SELF = YES;
				CLANG_WARN_OBJC_LITERAL_CONVERSION = YES;
				CLANG_WARN_OBJC_ROOT_CLASS = YES_ERROR;
				CLANG_WARN_QUOTED_INCLUDE_IN_FRAMEWORK_HEADER = YES;
				CLANG_WARN_RANGE_LOOP_ANALYSIS = YES;
				CLANG_WARN_STRICT_PROTOTYPES = YES;
				CLANG_WARN_SUSPICIOUS_MOVE = YES;
				CLANG_WARN_UNGUARDED_AVAILABILITY = YES_AGGRESSIVE;
				CLANG_WARN_UNREACHABLE_CODE = YES;
				CLANG_WARN__DUPLICATE_METHOD_MATCH = YES;
				COPY_PHASE_STRIP = NO;
				DEBUG_INFORMATION_FORMAT = "dwarf-with-dsym";
				ENABLE_NS_ASSERTIONS = NO;
				ENABLE_STRICT_OBJC_MSGSEND = YES;
				GCC_C_LANGUAGE_STANDARD = gnu11;
				GCC_NO_COMMON_BLOCKS = YES;
				GCC_WARN_64_TO_32_BIT_CONVERSION = YES;
				GCC_WARN_ABOUT_RETURN_TYPE = YES_ERROR;
				GCC_WARN_UNDECLARED_SELECTOR = YES;
				GCC_WARN_UNINITIALIZED_AUTOS = YES_AGGRESSIVE;
				GCC_WARN_UNUSED_FUNCTION = YES;
				GCC_WARN_UNUSED_VARIABLE = YES;
				IPHONEOS_DEPLOYMENT_TARGET = 14.5;
				MTL_ENABLE_DEBUG_INFO = NO;
				MTL_FAST_MATH = YES;
				SDKROOT = iphoneos;
				SWIFT_COMPILATION_MODE = wholemodule;
				SWIFT_OPTIMIZATION_LEVEL = "-O";
				VALIDATE_PRODUCT = YES;
			};
			name = Release;
		};
		CBFF0DB82699C39100E8FFAB /* Debug */ = {
			isa = XCBuildConfiguration;
			buildSettings = {
				ASSETCATALOG_COMPILER_APPICON_NAME = AppIcon;
				ASSETCATALOG_COMPILER_GLOBAL_ACCENT_COLOR_NAME = AccentColor;
				CODE_SIGN_STYLE = Automatic;
				DEVELOPMENT_ASSET_PATHS = "\"Touchdown/Preview Content\"";
				DEVELOPMENT_TEAM = LCQ857MG4P;
				ENABLE_PREVIEWS = YES;
				INFOPLIST_FILE = Touchdown/Info.plist;
				IPHONEOS_DEPLOYMENT_TARGET = 14.0;
				LD_RUNPATH_SEARCH_PATHS = (
					"$(inherited)",
					"@executable_path/Frameworks",
				);
				PRODUCT_BUNDLE_IDENTIFIER = com.swiftuiclass.Touchdown;
				PRODUCT_NAME = "$(TARGET_NAME)";
				SWIFT_VERSION = 5.0;
				TARGETED_DEVICE_FAMILY = "1,2";
			};
			name = Debug;
		};
		CBFF0DB92699C39100E8FFAB /* Release */ = {
			isa = XCBuildConfiguration;
			buildSettings = {
				ASSETCATALOG_COMPILER_APPICON_NAME = AppIcon;
				ASSETCATALOG_COMPILER_GLOBAL_ACCENT_COLOR_NAME = AccentColor;
				CODE_SIGN_STYLE = Automatic;
				DEVELOPMENT_ASSET_PATHS = "\"Touchdown/Preview Content\"";
				DEVELOPMENT_TEAM = LCQ857MG4P;
				ENABLE_PREVIEWS = YES;
				INFOPLIST_FILE = Touchdown/Info.plist;
				IPHONEOS_DEPLOYMENT_TARGET = 14.0;
				LD_RUNPATH_SEARCH_PATHS = (
					"$(inherited)",
					"@executable_path/Frameworks",
				);
				PRODUCT_BUNDLE_IDENTIFIER = com.swiftuiclass.Touchdown;
				PRODUCT_NAME = "$(TARGET_NAME)";
				SWIFT_VERSION = 5.0;
				TARGETED_DEVICE_FAMILY = "1,2";
			};
			name = Release;
		};
/* End XCBuildConfiguration section */

/* Begin XCConfigurationList section */
		CBFF0DA32699C38F00E8FFAB /* Build configuration list for PBXProject "Touchdown" */ = {
			isa = XCConfigurationList;
			buildConfigurations = (
				CBFF0DB52699C39100E8FFAB /* Debug */,
				CBFF0DB62699C39100E8FFAB /* Release */,
			);
			defaultConfigurationIsVisible = 0;
			defaultConfigurationName = Release;
		};
		CBFF0DB72699C39100E8FFAB /* Build configuration list for PBXNativeTarget "Touchdown" */ = {
			isa = XCConfigurationList;
			buildConfigurations = (
				CBFF0DB82699C39100E8FFAB /* Debug */,
				CBFF0DB92699C39100E8FFAB /* Release */,
			);
			defaultConfigurationIsVisible = 0;
			defaultConfigurationName = Release;
		};
/* End XCConfigurationList section */
	};
	rootObject = CBFF0DA02699C38F00E8FFAB /* Project object */;
}
